
Microsoft Visual Studio Solution File, Format Version 12.00
# Visual Studio Version 16
VisualStudioVersion = 16.0.29709.97
MinimumVisualStudioVersion = 10.0.40219.1
Project("{9A19103F-16F7-4668-BE54-9A1E7A4F7556}") = "Triton.Service", "src\Triton.Service\Triton.Service.csproj", "{E7CCE53F-F416-4C2C-A5D0-C08BE69124B4}"
EndProject
Project("{2150E333-8FDC-42A3-9474-1A3956D46DE8}") = "src", "src", "{D5815232-DF25-4F68-A9F7-8917299A0AF5}"
EndProject
Project("{2150E333-8FDC-42A3-9474-1A3956D46DE8}") = "tests", "tests", "{E189A531-1DF3-47A1-B5ED-1B5257A6B432}"
EndProject
Project("{FAE04EC0-301F-11D3-BF4B-00C04F79EFBC}") = "Triton.Service.Tests", "tests\Triton.Service.Tests\Triton.Service.Tests.csproj", "{284E574B-FF0D-46DB-A6C4-778AEBF76D14}"
EndProject
Global
	GlobalSection(SolutionConfigurationPlatforms) = preSolution
		Debug|Any CPU = Debug|Any CPU
		Release|Any CPU = Release|Any CPU
	EndGlobalSection
	GlobalSection(ProjectConfigurationPlatforms) = postSolution
		{E7CCE53F-F416-4C2C-A5D0-C08BE69124B4}.Debug|Any CPU.ActiveCfg = Debug|Any CPU
		{E7CCE53F-F416-4C2C-A5D0-C08BE69124B4}.Debug|Any CPU.Build.0 = Debug|Any CPU
		{E7CCE53F-F416-4C2C-A5D0-C08BE69124B4}.Release|Any CPU.ActiveCfg = Release|Any CPU
		{E7CCE53F-F416-4C2C-A5D0-C08BE69124B4}.Release|Any CPU.Build.0 = Release|Any CPU
		{284E574B-FF0D-46DB-A6C4-778AEBF76D14}.Debug|Any CPU.ActiveCfg = Debug|Any CPU
		{284E574B-FF0D-46DB-A6C4-778AEBF76D14}.Debug|Any CPU.Build.0 = Debug|Any CPU
		{284E574B-FF0D-46DB-A6C4-778AEBF76D14}.Release|Any CPU.ActiveCfg = Release|Any CPU
		{284E574B-FF0D-46DB-A6C4-778AEBF76D14}.Release|Any CPU.Build.0 = Release|Any CPU
	EndGlobalSection
	GlobalSection(SolutionProperties) = preSolution
		HideSolutionNode = FALSE
	EndGlobalSection
	GlobalSection(NestedProjects) = preSolution
		{E7CCE53F-F416-4C2C-A5D0-C08BE69124B4} = {D5815232-DF25-4F68-A9F7-8917299A0AF5}
		{284E574B-FF0D-46DB-A6C4-778AEBF76D14} = {E189A531-1DF3-47A1-B5ED-1B5257A6B432}
	EndGlobalSection
	GlobalSection(ExtensibilityGlobals) = postSolution
		SolutionGuid = {C71047BB-B07F-4E46-A5CE-749EA2CED916}
	EndGlobalSection
EndGlobal
